
Microsoft Visual Studio Solution File, Format Version 12.00
# Visual Studio Version 17
VisualStudioVersion = 17.0.31919.166
MinimumVisualStudioVersion = 10.0.40219.1
Project("{2150E333-8FDC-42A3-9474-1A3956D46DE8}") = "src", "src", "{C5201C93-DBDA-4EDA-BEBB-57213A2CB6A5}"
EndProject
Project("{2150E333-8FDC-42A3-9474-1A3956D46DE8}") = "Api", "Api", "{427FCD36-DFAE-4E67-9C74-52E96F8515D9}"
EndProject
Project("{2150E333-8FDC-42A3-9474-1A3956D46DE8}") = "Core", "Core", "{CF1DCA29-4459-48B4-A711-9DBA35C84329}"
EndProject
Project("{2150E333-8FDC-42A3-9474-1A3956D46DE8}") = "Infrastructure", "Infrastructure", "{95B020BE-16D6-49C7-8C68-6D961F9AD142}"
EndProject
Project("{2150E333-8FDC-42A3-9474-1A3956D46DE8}") = "WebApi", "WebApi", "{6C97798A-6F99-4172-8263-685993921DC0}"
EndProject
Project("{2150E333-8FDC-42A3-9474-1A3956D46DE8}") = "Clients", "Clients", "{9D91668E-C5B1-4F18-AA40-0B55FE4CC3EF}"
EndProject
Project("{2150E333-8FDC-42A3-9474-1A3956D46DE8}") = "BlazorWeb", "BlazorWeb", "{AFFA2098-CA55-46AE-9BA0-F4BF470DAC91}"
EndProject
Project("{2150E333-8FDC-42A3-9474-1A3956D46DE8}") = "Common", "Common", "{7EECC372-624B-4C05-9675-9F38442544C9}"
EndProject
Project("{2150E333-8FDC-42A3-9474-1A3956D46DE8}") = "Projections", "Projections", "{EBDF5D5C-E506-4E0C-B0F5-7C0F50C666A2}"
EndProject
Project("{FAE04EC0-301F-11D3-BF4B-00C04F79EFBC}") = "BlazorSozluk.Common", "src\Common\BlazorSozluk.Common\BlazorSozluk.Common.csproj", "{4E30991C-8064-47A5-B706-DAE89DFFE47D}"
EndProject
Project("{FAE04EC0-301F-11D3-BF4B-00C04F79EFBC}") = "BlazorSozluk.Api.Domain", "src\Api\Core\BlazorSozluk.Api.Domain\BlazorSozluk.Api.Domain.csproj", "{574045D0-2D6E-46A8-A457-7DE158239B8B}"
EndProject
Project("{FAE04EC0-301F-11D3-BF4B-00C04F79EFBC}") = "BlazorSozluk.Api.Application", "src\Api\Core\BlazorSozluk.Api.Application\BlazorSozluk.Api.Application.csproj", "{610EAF10-97AA-4C54-B3B4-153D9CDF41B5}"
EndProject
Project("{FAE04EC0-301F-11D3-BF4B-00C04F79EFBC}") = "BlazorSozluk.Infrastructure.Persistence", "src\Api\Infrastructure\BlazorSozluk.Infrastructure.Persistence\BlazorSozluk.Infrastructure.Persistence.csproj", "{142D0182-064A-4865-997E-9432CEC0F7F7}"
EndProject
Project("{FAE04EC0-301F-11D3-BF4B-00C04F79EFBC}") = "BlazorSozluk.Api.WebApi", "src\Api\WebApi\BlazorSozluk.Api.WebApi\BlazorSozluk.Api.WebApi.csproj", "{E01BCE7B-01A8-4180-ADB9-0B43FF940D0B}"
EndProject
Project("{FAE04EC0-301F-11D3-BF4B-00C04F79EFBC}") = "BlazorSozluk.Projections.FavoriteService", "src\Projections\BlazorSozluk.Projections.FavoriteService\BlazorSozluk.Projections.FavoriteService.csproj", "{D372C7E7-9F36-434C-9B62-28AB4576A70A}"
EndProject
Project("{FAE04EC0-301F-11D3-BF4B-00C04F79EFBC}") = "BlazorSozluk.Projections.VoteService", "src\Projections\BlazorSozluk.Projections.VoteService\BlazorSozluk.Projections.VoteService.csproj", "{422E8391-3EC9-4D51-A511-9FA1F21AEF81}"
EndProject
Project("{FAE04EC0-301F-11D3-BF4B-00C04F79EFBC}") = "BlazorSozluk.Projections.UserService", "src\Projections\BlazorSozluk.Projections.UserService\BlazorSozluk.Projections.UserService.csproj", "{7700BE65-B8F0-4059-A4C8-011309107216}"
EndProject
Project("{FAE04EC0-301F-11D3-BF4B-00C04F79EFBC}") = "BlazorSozluk.WebApp", "src\Clients\BlazorWeb\BlazorSozluk.WebApp\BlazorSozluk.WebApp.csproj", "{30A9407F-6D88-4606-8FB4-61F0C749B969}"
EndProject
Global
	GlobalSection(SolutionConfigurationPlatforms) = preSolution
		Debug|Any CPU = Debug|Any CPU
		Release|Any CPU = Release|Any CPU
	EndGlobalSection
	GlobalSection(ProjectConfigurationPlatforms) = postSolution
		{4E30991C-8064-47A5-B706-DAE89DFFE47D}.Debug|Any CPU.ActiveCfg = Debug|Any CPU
		{4E30991C-8064-47A5-B706-DAE89DFFE47D}.Debug|Any CPU.Build.0 = Debug|Any CPU
		{4E30991C-8064-47A5-B706-DAE89DFFE47D}.Release|Any CPU.ActiveCfg = Release|Any CPU
		{4E30991C-8064-47A5-B706-DAE89DFFE47D}.Release|Any CPU.Build.0 = Release|Any CPU
		{574045D0-2D6E-46A8-A457-7DE158239B8B}.Debug|Any CPU.ActiveCfg = Debug|Any CPU
		{574045D0-2D6E-46A8-A457-7DE158239B8B}.Debug|Any CPU.Build.0 = Debug|Any CPU
		{574045D0-2D6E-46A8-A457-7DE158239B8B}.Release|Any CPU.ActiveCfg = Release|Any CPU
		{574045D0-2D6E-46A8-A457-7DE158239B8B}.Release|Any CPU.Build.0 = Release|Any CPU
		{610EAF10-97AA-4C54-B3B4-153D9CDF41B5}.Debug|Any CPU.ActiveCfg = Debug|Any CPU
		{610EAF10-97AA-4C54-B3B4-153D9CDF41B5}.Debug|Any CPU.Build.0 = Debug|Any CPU
		{610EAF10-97AA-4C54-B3B4-153D9CDF41B5}.Release|Any CPU.ActiveCfg = Release|Any CPU
		{610EAF10-97AA-4C54-B3B4-153D9CDF41B5}.Release|Any CPU.Build.0 = Release|Any CPU
		{142D0182-064A-4865-997E-9432CEC0F7F7}.Debug|Any CPU.ActiveCfg = Debug|Any CPU
		{142D0182-064A-4865-997E-9432CEC0F7F7}.Debug|Any CPU.Build.0 = Debug|Any CPU
		{142D0182-064A-4865-997E-9432CEC0F7F7}.Release|Any CPU.ActiveCfg = Release|Any CPU
		{142D0182-064A-4865-997E-9432CEC0F7F7}.Release|Any CPU.Build.0 = Release|Any CPU
		{E01BCE7B-01A8-4180-ADB9-0B43FF940D0B}.Debug|Any CPU.ActiveCfg = Debug|Any CPU
		{E01BCE7B-01A8-4180-ADB9-0B43FF940D0B}.Debug|Any CPU.Build.0 = Debug|Any CPU
		{E01BCE7B-01A8-4180-ADB9-0B43FF940D0B}.Release|Any CPU.ActiveCfg = Release|Any CPU
		{E01BCE7B-01A8-4180-ADB9-0B43FF940D0B}.Release|Any CPU.Build.0 = Release|Any CPU
		{D372C7E7-9F36-434C-9B62-28AB4576A70A}.Debug|Any CPU.ActiveCfg = Debug|Any CPU
		{D372C7E7-9F36-434C-9B62-28AB4576A70A}.Debug|Any CPU.Build.0 = Debug|Any CPU
		{D372C7E7-9F36-434C-9B62-28AB4576A70A}.Release|Any CPU.ActiveCfg = Release|Any CPU
		{D372C7E7-9F36-434C-9B62-28AB4576A70A}.Release|Any CPU.Build.0 = Release|Any CPU
		{422E8391-3EC9-4D51-A511-9FA1F21AEF81}.Debug|Any CPU.ActiveCfg = Debug|Any CPU
		{422E8391-3EC9-4D51-A511-9FA1F21AEF81}.Debug|Any CPU.Build.0 = Debug|Any CPU
		{422E8391-3EC9-4D51-A511-9FA1F21AEF81}.Release|Any CPU.ActiveCfg = Release|Any CPU
		{422E8391-3EC9-4D51-A511-9FA1F21AEF81}.Release|Any CPU.Build.0 = Release|Any CPU
		{7700BE65-B8F0-4059-A4C8-011309107216}.Debug|Any CPU.ActiveCfg = Debug|Any CPU
		{7700BE65-B8F0-4059-A4C8-011309107216}.Debug|Any CPU.Build.0 = Debug|Any CPU
		{7700BE65-B8F0-4059-A4C8-011309107216}.Release|Any CPU.ActiveCfg = Release|Any CPU
		{7700BE65-B8F0-4059-A4C8-011309107216}.Release|Any CPU.Build.0 = Release|Any CPU
		{30A9407F-6D88-4606-8FB4-61F0C749B969}.Debug|Any CPU.ActiveCfg = Debug|Any CPU
		{30A9407F-6D88-4606-8FB4-61F0C749B969}.Debug|Any CPU.Build.0 = Debug|Any CPU
		{30A9407F-6D88-4606-8FB4-61F0C749B969}.Release|Any CPU.ActiveCfg = Release|Any CPU
		{30A9407F-6D88-4606-8FB4-61F0C749B969}.Release|Any CPU.Build.0 = Release|Any CPU
	EndGlobalSection
	GlobalSection(SolutionProperties) = preSolution
		HideSolutionNode = FALSE
	EndGlobalSection
	GlobalSection(NestedProjects) = preSolution
		{427FCD36-DFAE-4E67-9C74-52E96F8515D9} = {C5201C93-DBDA-4EDA-BEBB-57213A2CB6A5}
		{CF1DCA29-4459-48B4-A711-9DBA35C84329} = {427FCD36-DFAE-4E67-9C74-52E96F8515D9}
		{95B020BE-16D6-49C7-8C68-6D961F9AD142} = {427FCD36-DFAE-4E67-9C74-52E96F8515D9}
		{6C97798A-6F99-4172-8263-685993921DC0} = {427FCD36-DFAE-4E67-9C74-52E96F8515D9}
		{9D91668E-C5B1-4F18-AA40-0B55FE4CC3EF} = {C5201C93-DBDA-4EDA-BEBB-57213A2CB6A5}
		{AFFA2098-CA55-46AE-9BA0-F4BF470DAC91} = {9D91668E-C5B1-4F18-AA40-0B55FE4CC3EF}
		{7EECC372-624B-4C05-9675-9F38442544C9} = {C5201C93-DBDA-4EDA-BEBB-57213A2CB6A5}
		{EBDF5D5C-E506-4E0C-B0F5-7C0F50C666A2} = {C5201C93-DBDA-4EDA-BEBB-57213A2CB6A5}
		{4E30991C-8064-47A5-B706-DAE89DFFE47D} = {7EECC372-624B-4C05-9675-9F38442544C9}
		{574045D0-2D6E-46A8-A457-7DE158239B8B} = {CF1DCA29-4459-48B4-A711-9DBA35C84329}
		{610EAF10-97AA-4C54-B3B4-153D9CDF41B5} = {CF1DCA29-4459-48B4-A711-9DBA35C84329}
		{142D0182-064A-4865-997E-9432CEC0F7F7} = {95B020BE-16D6-49C7-8C68-6D961F9AD142}
		{E01BCE7B-01A8-4180-ADB9-0B43FF940D0B} = {6C97798A-6F99-4172-8263-685993921DC0}
		{D372C7E7-9F36-434C-9B62-28AB4576A70A} = {EBDF5D5C-E506-4E0C-B0F5-7C0F50C666A2}
		{422E8391-3EC9-4D51-A511-9FA1F21AEF81} = {EBDF5D5C-E506-4E0C-B0F5-7C0F50C666A2}
		{7700BE65-B8F0-4059-A4C8-011309107216} = {EBDF5D5C-E506-4E0C-B0F5-7C0F50C666A2}
		{30A9407F-6D88-4606-8FB4-61F0C749B969} = {AFFA2098-CA55-46AE-9BA0-F4BF470DAC91}
	EndGlobalSection
	GlobalSection(ExtensibilityGlobals) = postSolution
		SolutionGuid = {A8D9B513-AC4A-4D26-A4FC-12A89696E566}
	EndGlobalSection
EndGlobal
